
Microsoft Visual Studio Solution File, Format Version 12.00
# Visual Studio Version 17
VisualStudioVersion = 17.13.35913.81 d17.13
MinimumVisualStudioVersion = 10.0.40219.1
Project("{FAE04EC0-301F-11D3-BF4B-00C04F79EFBC}") = "MiniMartApp", "MiniMartApp.csproj", "{5F7AB5B0-8FC6-4DC0-8C75-D74EC637B330}"
EndProject
Global
	GlobalSection(SolutionConfigurationPlatforms) = preSolution
		Debug|Any CPU = Debug|Any CPU
		Release|Any CPU = Release|Any CPU
	EndGlobalSection
	GlobalSection(ProjectConfigurationPlatforms) = postSolution
		{5F7AB5B0-8FC6-4DC0-8C75-D74EC637B330}.Debug|Any CPU.ActiveCfg = Debug|Any CPU
		{5F7AB5B0-8FC6-4DC0-8C75-D74EC637B330}.Debug|Any CPU.Build.0 = Debug|Any CPU
		{5F7AB5B0-8FC6-4DC0-8C75-D74EC637B330}.Release|Any CPU.ActiveCfg = Release|Any CPU
		{5F7AB5B0-8FC6-4DC0-8C75-D74EC637B330}.Release|Any CPU.Build.0 = Release|Any CPU
	EndGlobalSection
	GlobalSection(SolutionProperties) = preSolution
		HideSolutionNode = FALSE
	EndGlobalSection
	GlobalSection(ExtensibilityGlobals) = postSolution
		SolutionGuid = {037EC030-F936-4FAB-90B6-5D4BFF981DB9}
	EndGlobalSection
EndGlobal
